
Microsoft Visual Studio Solution File, Format Version 12.00
# Visual Studio Version 17
VisualStudioVersion = 17.12.35527.113 d17.12
MinimumVisualStudioVersion = 10.0.40219.1
Project("{2150E333-8FDC-42A3-9474-1A3956D46DE8}") = "src", "src", "{B4F241C5-C72C-4FB1-99BC-9AC484B9C4EA}"
EndProject
Project("{2150E333-8FDC-42A3-9474-1A3956D46DE8}") = "services", "services", "{00AE2444-5749-439A-B6E8-AACC537DAFAF}"
EndProject
Project("{2150E333-8FDC-42A3-9474-1A3956D46DE8}") = "IDPService", "IDPService", "{BAF13B5D-59C2-44DF-B93A-8875F3021E33}"
EndProject
Project("{FAE04EC0-301F-11D3-BF4B-00C04F79EFBC}") = "IDP.Api", "src\services\IDPService\IDP.Api\IDP.Api.csproj", "{8DF21495-9AC8-4B2C-8580-5CEA264BF40A}"
EndProject
Project("{FAE04EC0-301F-11D3-BF4B-00C04F79EFBC}") = "IDP.Application", "src\services\IDPService\IDP.Application\IDP.Application.csproj", "{05813CFB-2DEE-4F68-ABC0-6ED18B994B3C}"
EndProject
Project("{FAE04EC0-301F-11D3-BF4B-00C04F79EFBC}") = "IDP.Domain", "src\services\IDPService\IDP.Domain\IDP.Domain.csproj", "{2BAE2ACD-9584-4B64-9D02-C52950C27854}"
EndProject
Project("{FAE04EC0-301F-11D3-BF4B-00C04F79EFBC}") = "IDP.Infra", "src\services\IDPService\IDP.Infra\IDP.Infra.csproj", "{C1718F7A-4DF0-4EC8-88D9-B69C911E3748}"
EndProject
Project("{FAE04EC0-301F-11D3-BF4B-00C04F79EFBC}") = "IDP.Ioc", "src\services\IDPService\IDP.Ioc\IDP.Ioc.csproj", "{1D0F8F96-1004-4CAB-A846-D740D1EBBE3D}"
EndProject
Project("{FAE04EC0-301F-11D3-BF4B-00C04F79EFBC}") = "IDP.UnitTest", "src\services\IDPService\IDP.UnitTest\IDP.UnitTest.csproj", "{6266BC58-373A-4AB4-BB73-2C9BB8DF74F3}"
EndProject
Project("{2150E333-8FDC-42A3-9474-1A3956D46DE8}") = "Common", "Common", "{5382BFD2-E555-4E89-A519-E700FDC02FD9}"
EndProject
Global
	GlobalSection(SolutionConfigurationPlatforms) = preSolution
		Debug|Any CPU = Debug|Any CPU
		Release|Any CPU = Release|Any CPU
	EndGlobalSection
	GlobalSection(ProjectConfigurationPlatforms) = postSolution
		{8DF21495-9AC8-4B2C-8580-5CEA264BF40A}.Debug|Any CPU.ActiveCfg = Debug|Any CPU
		{8DF21495-9AC8-4B2C-8580-5CEA264BF40A}.Debug|Any CPU.Build.0 = Debug|Any CPU
		{8DF21495-9AC8-4B2C-8580-5CEA264BF40A}.Release|Any CPU.ActiveCfg = Release|Any CPU
		{8DF21495-9AC8-4B2C-8580-5CEA264BF40A}.Release|Any CPU.Build.0 = Release|Any CPU
		{05813CFB-2DEE-4F68-ABC0-6ED18B994B3C}.Debug|Any CPU.ActiveCfg = Debug|Any CPU
		{05813CFB-2DEE-4F68-ABC0-6ED18B994B3C}.Debug|Any CPU.Build.0 = Debug|Any CPU
		{05813CFB-2DEE-4F68-ABC0-6ED18B994B3C}.Release|Any CPU.ActiveCfg = Release|Any CPU
		{05813CFB-2DEE-4F68-ABC0-6ED18B994B3C}.Release|Any CPU.Build.0 = Release|Any CPU
		{2BAE2ACD-9584-4B64-9D02-C52950C27854}.Debug|Any CPU.ActiveCfg = Debug|Any CPU
		{2BAE2ACD-9584-4B64-9D02-C52950C27854}.Debug|Any CPU.Build.0 = Debug|Any CPU
		{2BAE2ACD-9584-4B64-9D02-C52950C27854}.Release|Any CPU.ActiveCfg = Release|Any CPU
		{2BAE2ACD-9584-4B64-9D02-C52950C27854}.Release|Any CPU.Build.0 = Release|Any CPU
		{C1718F7A-4DF0-4EC8-88D9-B69C911E3748}.Debug|Any CPU.ActiveCfg = Debug|Any CPU
		{C1718F7A-4DF0-4EC8-88D9-B69C911E3748}.Debug|Any CPU.Build.0 = Debug|Any CPU
		{C1718F7A-4DF0-4EC8-88D9-B69C911E3748}.Release|Any CPU.ActiveCfg = Release|Any CPU
		{C1718F7A-4DF0-4EC8-88D9-B69C911E3748}.Release|Any CPU.Build.0 = Release|Any CPU
		{1D0F8F96-1004-4CAB-A846-D740D1EBBE3D}.Debug|Any CPU.ActiveCfg = Debug|Any CPU
		{1D0F8F96-1004-4CAB-A846-D740D1EBBE3D}.Debug|Any CPU.Build.0 = Debug|Any CPU
		{1D0F8F96-1004-4CAB-A846-D740D1EBBE3D}.Release|Any CPU.ActiveCfg = Release|Any CPU
		{1D0F8F96-1004-4CAB-A846-D740D1EBBE3D}.Release|Any CPU.Build.0 = Release|Any CPU
		{6266BC58-373A-4AB4-BB73-2C9BB8DF74F3}.Debug|Any CPU.ActiveCfg = Debug|Any CPU
		{6266BC58-373A-4AB4-BB73-2C9BB8DF74F3}.Debug|Any CPU.Build.0 = Debug|Any CPU
		{6266BC58-373A-4AB4-BB73-2C9BB8DF74F3}.Release|Any CPU.ActiveCfg = Release|Any CPU
		{6266BC58-373A-4AB4-BB73-2C9BB8DF74F3}.Release|Any CPU.Build.0 = Release|Any CPU
	EndGlobalSection
	GlobalSection(SolutionProperties) = preSolution
		HideSolutionNode = FALSE
	EndGlobalSection
	GlobalSection(NestedProjects) = preSolution
		{00AE2444-5749-439A-B6E8-AACC537DAFAF} = {B4F241C5-C72C-4FB1-99BC-9AC484B9C4EA}
		{BAF13B5D-59C2-44DF-B93A-8875F3021E33} = {00AE2444-5749-439A-B6E8-AACC537DAFAF}
		{8DF21495-9AC8-4B2C-8580-5CEA264BF40A} = {BAF13B5D-59C2-44DF-B93A-8875F3021E33}
		{05813CFB-2DEE-4F68-ABC0-6ED18B994B3C} = {BAF13B5D-59C2-44DF-B93A-8875F3021E33}
		{2BAE2ACD-9584-4B64-9D02-C52950C27854} = {BAF13B5D-59C2-44DF-B93A-8875F3021E33}
		{C1718F7A-4DF0-4EC8-88D9-B69C911E3748} = {BAF13B5D-59C2-44DF-B93A-8875F3021E33}
		{1D0F8F96-1004-4CAB-A846-D740D1EBBE3D} = {BAF13B5D-59C2-44DF-B93A-8875F3021E33}
		{6266BC58-373A-4AB4-BB73-2C9BB8DF74F3} = {BAF13B5D-59C2-44DF-B93A-8875F3021E33}
		{5382BFD2-E555-4E89-A519-E700FDC02FD9} = {B4F241C5-C72C-4FB1-99BC-9AC484B9C4EA}
	EndGlobalSection
EndGlobal
